// !$*UTF8*$!
{
	archiveVersion = 1;
	classes = {
	};
	objectVersion = 51;
	objects = {

/* Begin PBXBuildFile section */
		3AC21786861A2460F63F6307 /* Pods_apiTest.framework in Frameworks */ = {isa = PBXBuildFile; fileRef = 69D863204BA4F44DEEB82846 /* Pods_apiTest.framework */; };
		CA26B714265EB6B600115C47 /* AppDelegate.swift in Sources */ = {isa = PBXBuildFile; fileRef = CA26B713265EB6B600115C47 /* AppDelegate.swift */; };
		CA26B716265EB6B600115C47 /* SceneDelegate.swift in Sources */ = {isa = PBXBuildFile; fileRef = CA26B715265EB6B600115C47 /* SceneDelegate.swift */; };
		CA26B718265EB6B600115C47 /* HomeViewController.swift in Sources */ = {isa = PBXBuildFile; fileRef = CA26B717265EB6B600115C47 /* HomeViewController.swift */; };
		CA26B71B265EB6B600115C47 /* Main.storyboard in Resources */ = {isa = PBXBuildFile; fileRef = CA26B719265EB6B600115C47 /* Main.storyboard */; };
		CA26B71D265EB6B800115C47 /* Assets.xcassets in Resources */ = {isa = PBXBuildFile; fileRef = CA26B71C265EB6B800115C47 /* Assets.xcassets */; };
		CA26B720265EB6B800115C47 /* LaunchScreen.storyboard in Resources */ = {isa = PBXBuildFile; fileRef = CA26B71E265EB6B800115C47 /* LaunchScreen.storyboard */; };
		CA26B729265EB6E800115C47 /* ResponseData.swift in Sources */ = {isa = PBXBuildFile; fileRef = CA26B728265EB6E800115C47 /* ResponseData.swift */; };
		CA4312A726650E8F00861D59 /* TourTableViewCell.swift in Sources */ = {isa = PBXBuildFile; fileRef = CA4312A526650E8F00861D59 /* TourTableViewCell.swift */; };
		CA4312A826650E8F00861D59 /* TourTableViewCell.xib in Resources */ = {isa = PBXBuildFile; fileRef = CA4312A626650E8F00861D59 /* TourTableViewCell.xib */; };
		CA4312AD266512BC00861D59 /* AboutUSTableViewCell.swift in Sources */ = {isa = PBXBuildFile; fileRef = CA4312AB266512BC00861D59 /* AboutUSTableViewCell.swift */; };
		CA4312AE266512BC00861D59 /* AboutUSTableViewCell.xib in Resources */ = {isa = PBXBuildFile; fileRef = CA4312AC266512BC00861D59 /* AboutUSTableViewCell.xib */; };
		CA4312B2266512D500861D59 /* AboutUSCollectionViewCell.swift in Sources */ = {isa = PBXBuildFile; fileRef = CA4312B0266512D500861D59 /* AboutUSCollectionViewCell.swift */; };
		CA4312B3266512D500861D59 /* AboutUSCollectionViewCell.xib in Resources */ = {isa = PBXBuildFile; fileRef = CA4312B1266512D500861D59 /* AboutUSCollectionViewCell.xib */; };
		CA4312B7266514BB00861D59 /* QuizTableViewCell.swift in Sources */ = {isa = PBXBuildFile; fileRef = CA4312B5266514BB00861D59 /* QuizTableViewCell.swift */; };
		CA4312B8266514BB00861D59 /* QuizTableViewCell.xib in Resources */ = {isa = PBXBuildFile; fileRef = CA4312B6266514BB00861D59 /* QuizTableViewCell.xib */; };
		CA4312BC2665154600861D59 /* GalleryTableViewCell.swift in Sources */ = {isa = PBXBuildFile; fileRef = CA4312BA2665154600861D59 /* GalleryTableViewCell.swift */; };
		CA4312BD2665154600861D59 /* GalleryTableViewCell.xib in Resources */ = {isa = PBXBuildFile; fileRef = CA4312BB2665154600861D59 /* GalleryTableViewCell.xib */; };
		CA4312C12665155B00861D59 /* GalleryCollectionViewCell.swift in Sources */ = {isa = PBXBuildFile; fileRef = CA4312BF2665155B00861D59 /* GalleryCollectionViewCell.swift */; };
		CA4312C22665155B00861D59 /* GalleryCollectionViewCell.xib in Resources */ = {isa = PBXBuildFile; fileRef = CA4312C02665155B00861D59 /* GalleryCollectionViewCell.xib */; };
		CA47E23B266611DA00CA981C /* MapViewController.swift in Sources */ = {isa = PBXBuildFile; fileRef = CA47E23A266611DA00CA981C /* MapViewController.swift */; };
		CA47E23E2666120D00CA981C /* ProfileViewController.swift in Sources */ = {isa = PBXBuildFile; fileRef = CA47E23D2666120D00CA981C /* ProfileViewController.swift */; };
		CA47E2412666122E00CA981C /* MoreViewController.swift in Sources */ = {isa = PBXBuildFile; fileRef = CA47E2402666122E00CA981C /* MoreViewController.swift */; };
		CA4E88C62663827600699CB2 /* ArchieveTableViewCell.swift in Sources */ = {isa = PBXBuildFile; fileRef = CA4E88C42663827600699CB2 /* ArchieveTableViewCell.swift */; };
		CA4E88C72663827600699CB2 /* ArchieveTableViewCell.xib in Resources */ = {isa = PBXBuildFile; fileRef = CA4E88C52663827600699CB2 /* ArchieveTableViewCell.xib */; };
		CA4E88CA26638CF400699CB2 /* networkCall.swift in Sources */ = {isa = PBXBuildFile; fileRef = CA4E88C926638CF400699CB2 /* networkCall.swift */; };
		CA60393D266E4484006DD669 /* BlogList.swift in Sources */ = {isa = PBXBuildFile; fileRef = CA60393C266E4484006DD669 /* BlogList.swift */; };
		CA6F68F22666286E00211F4F /* LatoSemibold.ttf in Resources */ = {isa = PBXBuildFile; fileRef = CA6F68E72666286E00211F4F /* LatoSemibold.ttf */; };
		CA6F68F32666286E00211F4F /* Lato-Italic.ttf in Resources */ = {isa = PBXBuildFile; fileRef = CA6F68E82666286E00211F4F /* Lato-Italic.ttf */; };
		CA6F68F42666286E00211F4F /* Lato-Light.ttf in Resources */ = {isa = PBXBuildFile; fileRef = CA6F68E92666286E00211F4F /* Lato-Light.ttf */; };
		CA6F68F52666286E00211F4F /* Lato-LightItalic.ttf in Resources */ = {isa = PBXBuildFile; fileRef = CA6F68EA2666286E00211F4F /* Lato-LightItalic.ttf */; };
		CA6F68F62666286E00211F4F /* Lato-BlackItalic.ttf in Resources */ = {isa = PBXBuildFile; fileRef = CA6F68EB2666286E00211F4F /* Lato-BlackItalic.ttf */; };
		CA6F68F72666286E00211F4F /* Lato-Bold.ttf in Resources */ = {isa = PBXBuildFile; fileRef = CA6F68EC2666286E00211F4F /* Lato-Bold.ttf */; };
		CA6F68F82666286E00211F4F /* Lato-Black.ttf in Resources */ = {isa = PBXBuildFile; fileRef = CA6F68ED2666286E00211F4F /* Lato-Black.ttf */; };
		CA6F68F92666286E00211F4F /* Lato-BoldItalic.ttf in Resources */ = {isa = PBXBuildFile; fileRef = CA6F68EE2666286E00211F4F /* Lato-BoldItalic.ttf */; };
		CA6F68FA2666286E00211F4F /* Lato-ThinItalic.ttf in Resources */ = {isa = PBXBuildFile; fileRef = CA6F68EF2666286E00211F4F /* Lato-ThinItalic.ttf */; };
		CA6F68FB2666286E00211F4F /* Lato-Regular.ttf in Resources */ = {isa = PBXBuildFile; fileRef = CA6F68F02666286E00211F4F /* Lato-Regular.ttf */; };
		CA6F68FC2666286E00211F4F /* Lato-Thin.ttf in Resources */ = {isa = PBXBuildFile; fileRef = CA6F68F12666286E00211F4F /* Lato-Thin.ttf */; };
		CA874E17265FAB32004FE620 /* TableViewCell.swift in Sources */ = {isa = PBXBuildFile; fileRef = CA874E15265FAB32004FE620 /* TableViewCell.swift */; };
		CA874E18265FAB32004FE620 /* TableViewCell.xib in Resources */ = {isa = PBXBuildFile; fileRef = CA874E16265FAB32004FE620 /* TableViewCell.xib */; };
		CA874E1D265FABC7004FE620 /* BannerCollectionViewCell.swift in Sources */ = {isa = PBXBuildFile; fileRef = CA874E1B265FABC7004FE620 /* BannerCollectionViewCell.swift */; };
		CA874E1E265FABC7004FE620 /* BannerCollectionViewCell.xib in Resources */ = {isa = PBXBuildFile; fileRef = CA874E1C265FABC7004FE620 /* BannerCollectionViewCell.xib */; };
		CA91DA78266E228F0078A340 /* AudioDetailViewController.swift in Sources */ = {isa = PBXBuildFile; fileRef = CA91DA77266E228F0078A340 /* AudioDetailViewController.swift */; };
		CA91DA7B266E34110078A340 /* AllBlogsViewController.swift in Sources */ = {isa = PBXBuildFile; fileRef = CA91DA7A266E34110078A340 /* AllBlogsViewController.swift */; };
		CA91DA85266E34EE0078A340 /* AllBlogsCollectionViewCell.swift in Sources */ = {isa = PBXBuildFile; fileRef = CA91DA83266E34EE0078A340 /* AllBlogsCollectionViewCell.swift */; };
		CA91DA86266E34EE0078A340 /* AllBlogsCollectionViewCell.xib in Resources */ = {isa = PBXBuildFile; fileRef = CA91DA84266E34EE0078A340 /* AllBlogsCollectionViewCell.xib */; };
		CABDB4022664D31300E2CC3D /* MuseumCollectionViewCell.swift in Sources */ = {isa = PBXBuildFile; fileRef = CABDB4002664D31300E2CC3D /* MuseumCollectionViewCell.swift */; };
		CABDB4032664D31300E2CC3D /* MuseumCollectionViewCell.xib in Resources */ = {isa = PBXBuildFile; fileRef = CABDB4012664D31300E2CC3D /* MuseumCollectionViewCell.xib */; };
		CABDB40B2664D35600E2CC3D /* MuseumTableViewCell.swift in Sources */ = {isa = PBXBuildFile; fileRef = CABDB4092664D35600E2CC3D /* MuseumTableViewCell.swift */; };
		CABDB40C2664D35600E2CC3D /* MuseumTableViewCell.xib in Resources */ = {isa = PBXBuildFile; fileRef = CABDB40A2664D35600E2CC3D /* MuseumTableViewCell.xib */; };
		CABDB4102664EEB600E2CC3D /* EventsCollectionViewCell.swift in Sources */ = {isa = PBXBuildFile; fileRef = CABDB40E2664EEB600E2CC3D /* EventsCollectionViewCell.swift */; };
		CABDB4112664EEB600E2CC3D /* EventsCollectionViewCell.xib in Resources */ = {isa = PBXBuildFile; fileRef = CABDB40F2664EEB600E2CC3D /* EventsCollectionViewCell.xib */; };
		CABDB4152664EED200E2CC3D /* EventsTableViewCell.swift in Sources */ = {isa = PBXBuildFile; fileRef = CABDB4132664EED200E2CC3D /* EventsTableViewCell.swift */; };
		CABDB4162664EED200E2CC3D /* EventsTableViewCell.xib in Resources */ = {isa = PBXBuildFile; fileRef = CABDB4142664EED200E2CC3D /* EventsTableViewCell.xib */; };
		CABDB41A2664FE7B00E2CC3D /* NoticeCollectionViewCell.swift in Sources */ = {isa = PBXBuildFile; fileRef = CABDB4182664FE7B00E2CC3D /* NoticeCollectionViewCell.swift */; };
		CABDB41B2664FE7B00E2CC3D /* NoticeCollectionViewCell.xib in Resources */ = {isa = PBXBuildFile; fileRef = CABDB4192664FE7B00E2CC3D /* NoticeCollectionViewCell.xib */; };
		CABDB423266502D800E2CC3D /* NoticeTableViewCell.swift in Sources */ = {isa = PBXBuildFile; fileRef = CABDB421266502D800E2CC3D /* NoticeTableViewCell.swift */; };
		CABDB424266502D800E2CC3D /* NoticeTableViewCell.xib in Resources */ = {isa = PBXBuildFile; fileRef = CABDB422266502D800E2CC3D /* NoticeTableViewCell.xib */; };
		CABFAAC92666476A0092E557 /* AudioList.swift in Sources */ = {isa = PBXBuildFile; fileRef = CABFAAC82666476A0092E557 /* AudioList.swift */; };
		CABFAACC266659330092E557 /* AllAudioBooksViewController.swift in Sources */ = {isa = PBXBuildFile; fileRef = CABFAACB266659330092E557 /* AllAudioBooksViewController.swift */; };
		CAF66227266981D00087EAF7 /* AudioBookCollectionViewCell.swift in Sources */ = {isa = PBXBuildFile; fileRef = CAF66225266981D00087EAF7 /* AudioBookCollectionViewCell.swift */; };
		CAF66228266981D00087EAF7 /* AudioBookCollectionViewCell.xib in Resources */ = {isa = PBXBuildFile; fileRef = CAF66226266981D00087EAF7 /* AudioBookCollectionViewCell.xib */; };
		CAFB7EFD266136DB00F744E2 /* ArchieveCollectionViewCell.swift in Sources */ = {isa = PBXBuildFile; fileRef = CAFB7EFB266136DB00F744E2 /* ArchieveCollectionViewCell.swift */; };
		CAFB7EFE266136DB00F744E2 /* ArchieveCollectionViewCell.xib in Resources */ = {isa = PBXBuildFile; fileRef = CAFB7EFC266136DB00F744E2 /* ArchieveCollectionViewCell.xib */; };
/* End PBXBuildFile section */

/* Begin PBXFileReference section */
		01EE041EE752DBC0DEEE738E /* Pods-apiTest.debug.xcconfig */ = {isa = PBXFileReference; includeInIndex = 1; lastKnownFileType = text.xcconfig; name = "Pods-apiTest.debug.xcconfig"; path = "Target Support Files/Pods-apiTest/Pods-apiTest.debug.xcconfig"; sourceTree = "<group>"; };
		69D863204BA4F44DEEB82846 /* Pods_apiTest.framework */ = {isa = PBXFileReference; explicitFileType = wrapper.framework; includeInIndex = 0; path = Pods_apiTest.framework; sourceTree = BUILT_PRODUCTS_DIR; };
		8D1A0266662FE7A61A557625 /* Pods-apiTest.release.xcconfig */ = {isa = PBXFileReference; includeInIndex = 1; lastKnownFileType = text.xcconfig; name = "Pods-apiTest.release.xcconfig"; path = "Target Support Files/Pods-apiTest/Pods-apiTest.release.xcconfig"; sourceTree = "<group>"; };
		CA26B710265EB6B600115C47 /* apiTest.app */ = {isa = PBXFileReference; explicitFileType = wrapper.application; includeInIndex = 0; path = apiTest.app; sourceTree = BUILT_PRODUCTS_DIR; };
		CA26B713265EB6B600115C47 /* AppDelegate.swift */ = {isa = PBXFileReference; lastKnownFileType = sourcecode.swift; path = AppDelegate.swift; sourceTree = "<group>"; };
		CA26B715265EB6B600115C47 /* SceneDelegate.swift */ = {isa = PBXFileReference; lastKnownFileType = sourcecode.swift; path = SceneDelegate.swift; sourceTree = "<group>"; };
		CA26B717265EB6B600115C47 /* HomeViewController.swift */ = {isa = PBXFileReference; lastKnownFileType = sourcecode.swift; path = HomeViewController.swift; sourceTree = "<group>"; };
		CA26B71A265EB6B600115C47 /* Base */ = {isa = PBXFileReference; lastKnownFileType = file.storyboard; name = Base; path = Base.lproj/Main.storyboard; sourceTree = "<group>"; };
		CA26B71C265EB6B800115C47 /* Assets.xcassets */ = {isa = PBXFileReference; lastKnownFileType = folder.assetcatalog; path = Assets.xcassets; sourceTree = "<group>"; };
		CA26B71F265EB6B800115C47 /* Base */ = {isa = PBXFileReference; lastKnownFileType = file.storyboard; name = Base; path = Base.lproj/LaunchScreen.storyboard; sourceTree = "<group>"; };
		CA26B721265EB6B800115C47 /* Info.plist */ = {isa = PBXFileReference; lastKnownFileType = text.plist.xml; path = Info.plist; sourceTree = "<group>"; };
		CA26B728265EB6E800115C47 /* ResponseData.swift */ = {isa = PBXFileReference; lastKnownFileType = sourcecode.swift; path = ResponseData.swift; sourceTree = "<group>"; };
		CA4312A526650E8F00861D59 /* TourTableViewCell.swift */ = {isa = PBXFileReference; lastKnownFileType = sourcecode.swift; path = TourTableViewCell.swift; sourceTree = "<group>"; };
		CA4312A626650E8F00861D59 /* TourTableViewCell.xib */ = {isa = PBXFileReference; lastKnownFileType = file.xib; path = TourTableViewCell.xib; sourceTree = "<group>"; };
		CA4312AB266512BC00861D59 /* AboutUSTableViewCell.swift */ = {isa = PBXFileReference; lastKnownFileType = sourcecode.swift; path = AboutUSTableViewCell.swift; sourceTree = "<group>"; };
		CA4312AC266512BC00861D59 /* AboutUSTableViewCell.xib */ = {isa = PBXFileReference; lastKnownFileType = file.xib; path = AboutUSTableViewCell.xib; sourceTree = "<group>"; };
		CA4312B0266512D500861D59 /* AboutUSCollectionViewCell.swift */ = {isa = PBXFileReference; lastKnownFileType = sourcecode.swift; path = AboutUSCollectionViewCell.swift; sourceTree = "<group>"; };
		CA4312B1266512D500861D59 /* AboutUSCollectionViewCell.xib */ = {isa = PBXFileReference; lastKnownFileType = file.xib; path = AboutUSCollectionViewCell.xib; sourceTree = "<group>"; };
		CA4312B5266514BB00861D59 /* QuizTableViewCell.swift */ = {isa = PBXFileReference; lastKnownFileType = sourcecode.swift; path = QuizTableViewCell.swift; sourceTree = "<group>"; };
		CA4312B6266514BB00861D59 /* QuizTableViewCell.xib */ = {isa = PBXFileReference; lastKnownFileType = file.xib; path = QuizTableViewCell.xib; sourceTree = "<group>"; };
		CA4312BA2665154600861D59 /* GalleryTableViewCell.swift */ = {isa = PBXFileReference; lastKnownFileType = sourcecode.swift; path = GalleryTableViewCell.swift; sourceTree = "<group>"; };
		CA4312BB2665154600861D59 /* GalleryTableViewCell.xib */ = {isa = PBXFileReference; lastKnownFileType = file.xib; path = GalleryTableViewCell.xib; sourceTree = "<group>"; };
		CA4312BF2665155B00861D59 /* GalleryCollectionViewCell.swift */ = {isa = PBXFileReference; lastKnownFileType = sourcecode.swift; path = GalleryCollectionViewCell.swift; sourceTree = "<group>"; };
		CA4312C02665155B00861D59 /* GalleryCollectionViewCell.xib */ = {isa = PBXFileReference; lastKnownFileType = file.xib; path = GalleryCollectionViewCell.xib; sourceTree = "<group>"; };
		CA47E23A266611DA00CA981C /* MapViewController.swift */ = {isa = PBXFileReference; lastKnownFileType = sourcecode.swift; path = MapViewController.swift; sourceTree = "<group>"; };
		CA47E23D2666120D00CA981C /* ProfileViewController.swift */ = {isa = PBXFileReference; lastKnownFileType = sourcecode.swift; path = ProfileViewController.swift; sourceTree = "<group>"; };
		CA47E2402666122E00CA981C /* MoreViewController.swift */ = {isa = PBXFileReference; lastKnownFileType = sourcecode.swift; path = MoreViewController.swift; sourceTree = "<group>"; };
		CA4E88C42663827600699CB2 /* ArchieveTableViewCell.swift */ = {isa = PBXFileReference; lastKnownFileType = sourcecode.swift; path = ArchieveTableViewCell.swift; sourceTree = "<group>"; };
		CA4E88C52663827600699CB2 /* ArchieveTableViewCell.xib */ = {isa = PBXFileReference; lastKnownFileType = file.xib; path = ArchieveTableViewCell.xib; sourceTree = "<group>"; };
		CA4E88C926638CF400699CB2 /* networkCall.swift */ = {isa = PBXFileReference; lastKnownFileType = sourcecode.swift; path = networkCall.swift; sourceTree = "<group>"; };
		CA60393C266E4484006DD669 /* BlogList.swift */ = {isa = PBXFileReference; lastKnownFileType = sourcecode.swift; path = BlogList.swift; sourceTree = "<group>"; };
		CA6F68E72666286E00211F4F /* LatoSemibold.ttf */ = {isa = PBXFileReference; lastKnownFileType = file; name = LatoSemibold.ttf; path = ../../../../Downloads/Lato/LatoSemibold.ttf; sourceTree = "<group>"; };
		CA6F68E82666286E00211F4F /* Lato-Italic.ttf */ = {isa = PBXFileReference; lastKnownFileType = file; name = "Lato-Italic.ttf"; path = "../../../../Downloads/Lato/Lato-Italic.ttf"; sourceTree = "<group>"; };
		CA6F68E92666286E00211F4F /* Lato-Light.ttf */ = {isa = PBXFileReference; lastKnownFileType = file; name = "Lato-Light.ttf"; path = "../../../../Downloads/Lato/Lato-Light.ttf"; sourceTree = "<group>"; };
		CA6F68EA2666286E00211F4F /* Lato-LightItalic.ttf */ = {isa = PBXFileReference; lastKnownFileType = file; name = "Lato-LightItalic.ttf"; path = "../../../../Downloads/Lato/Lato-LightItalic.ttf"; sourceTree = "<group>"; };
		CA6F68EB2666286E00211F4F /* Lato-BlackItalic.ttf */ = {isa = PBXFileReference; lastKnownFileType = file; name = "Lato-BlackItalic.ttf"; path = "../../../../Downloads/Lato/Lato-BlackItalic.ttf"; sourceTree = "<group>"; };
		CA6F68EC2666286E00211F4F /* Lato-Bold.ttf */ = {isa = PBXFileReference; lastKnownFileType = file; name = "Lato-Bold.ttf"; path = "../../../../Downloads/Lato/Lato-Bold.ttf"; sourceTree = "<group>"; };
		CA6F68ED2666286E00211F4F /* Lato-Black.ttf */ = {isa = PBXFileReference; lastKnownFileType = file; name = "Lato-Black.ttf"; path = "../../../../Downloads/Lato/Lato-Black.ttf"; sourceTree = "<group>"; };
		CA6F68EE2666286E00211F4F /* Lato-BoldItalic.ttf */ = {isa = PBXFileReference; lastKnownFileType = file; name = "Lato-BoldItalic.ttf"; path = "../../../../Downloads/Lato/Lato-BoldItalic.ttf"; sourceTree = "<group>"; };
		CA6F68EF2666286E00211F4F /* Lato-ThinItalic.ttf */ = {isa = PBXFileReference; lastKnownFileType = file; name = "Lato-ThinItalic.ttf"; path = "../../../../Downloads/Lato/Lato-ThinItalic.ttf"; sourceTree = "<group>"; };
		CA6F68F02666286E00211F4F /* Lato-Regular.ttf */ = {isa = PBXFileReference; lastKnownFileType = file; name = "Lato-Regular.ttf"; path = "../../../../Downloads/Lato/Lato-Regular.ttf"; sourceTree = "<group>"; };
		CA6F68F12666286E00211F4F /* Lato-Thin.ttf */ = {isa = PBXFileReference; lastKnownFileType = file; name = "Lato-Thin.ttf"; path = "../../../../Downloads/Lato/Lato-Thin.ttf"; sourceTree = "<group>"; };
		CA874E15265FAB32004FE620 /* TableViewCell.swift */ = {isa = PBXFileReference; lastKnownFileType = sourcecode.swift; path = TableViewCell.swift; sourceTree = "<group>"; };
		CA874E16265FAB32004FE620 /* TableViewCell.xib */ = {isa = PBXFileReference; lastKnownFileType = file.xib; path = TableViewCell.xib; sourceTree = "<group>"; };
		CA874E1B265FABC7004FE620 /* BannerCollectionViewCell.swift */ = {isa = PBXFileReference; lastKnownFileType = sourcecode.swift; path = BannerCollectionViewCell.swift; sourceTree = "<group>"; };
		CA874E1C265FABC7004FE620 /* BannerCollectionViewCell.xib */ = {isa = PBXFileReference; lastKnownFileType = file.xib; path = BannerCollectionViewCell.xib; sourceTree = "<group>"; };
		CA91DA77266E228F0078A340 /* AudioDetailViewController.swift */ = {isa = PBXFileReference; lastKnownFileType = sourcecode.swift; path = AudioDetailViewController.swift; sourceTree = "<group>"; };
		CA91DA7A266E34110078A340 /* AllBlogsViewController.swift */ = {isa = PBXFileReference; lastKnownFileType = sourcecode.swift; path = AllBlogsViewController.swift; sourceTree = "<group>"; };
		CA91DA83266E34EE0078A340 /* AllBlogsCollectionViewCell.swift */ = {isa = PBXFileReference; lastKnownFileType = sourcecode.swift; path = AllBlogsCollectionViewCell.swift; sourceTree = "<group>"; };
		CA91DA84266E34EE0078A340 /* AllBlogsCollectionViewCell.xib */ = {isa = PBXFileReference; lastKnownFileType = file.xib; path = AllBlogsCollectionViewCell.xib; sourceTree = "<group>"; };
		CABDB4002664D31300E2CC3D /* MuseumCollectionViewCell.swift */ = {isa = PBXFileReference; lastKnownFileType = sourcecode.swift; path = MuseumCollectionViewCell.swift; sourceTree = "<group>"; };
		CABDB4012664D31300E2CC3D /* MuseumCollectionViewCell.xib */ = {isa = PBXFileReference; lastKnownFileType = file.xib; path = MuseumCollectionViewCell.xib; sourceTree = "<group>"; };
		CABDB4092664D35600E2CC3D /* MuseumTableViewCell.swift */ = {isa = PBXFileReference; lastKnownFileType = sourcecode.swift; path = MuseumTableViewCell.swift; sourceTree = "<group>"; };
		CABDB40A2664D35600E2CC3D /* MuseumTableViewCell.xib */ = {isa = PBXFileReference; lastKnownFileType = file.xib; path = MuseumTableViewCell.xib; sourceTree = "<group>"; };
		CABDB40E2664EEB600E2CC3D /* EventsCollectionViewCell.swift */ = {isa = PBXFileReference; lastKnownFileType = sourcecode.swift; path = EventsCollectionViewCell.swift; sourceTree = "<group>"; };
		CABDB40F2664EEB600E2CC3D /* EventsCollectionViewCell.xib */ = {isa = PBXFileReference; lastKnownFileType = file.xib; path = EventsCollectionViewCell.xib; sourceTree = "<group>"; };
		CABDB4132664EED200E2CC3D /* EventsTableViewCell.swift */ = {isa = PBXFileReference; lastKnownFileType = sourcecode.swift; path = EventsTableViewCell.swift; sourceTree = "<group>"; };
		CABDB4142664EED200E2CC3D /* EventsTableViewCell.xib */ = {isa = PBXFileReference; lastKnownFileType = file.xib; path = EventsTableViewCell.xib; sourceTree = "<group>"; };
		CABDB4182664FE7B00E2CC3D /* NoticeCollectionViewCell.swift */ = {isa = PBXFileReference; lastKnownFileType = sourcecode.swift; path = NoticeCollectionViewCell.swift; sourceTree = "<group>"; };
		CABDB4192664FE7B00E2CC3D /* NoticeCollectionViewCell.xib */ = {isa = PBXFileReference; lastKnownFileType = file.xib; path = NoticeCollectionViewCell.xib; sourceTree = "<group>"; };
		CABDB421266502D800E2CC3D /* NoticeTableViewCell.swift */ = {isa = PBXFileReference; lastKnownFileType = sourcecode.swift; path = NoticeTableViewCell.swift; sourceTree = "<group>"; };
		CABDB422266502D800E2CC3D /* NoticeTableViewCell.xib */ = {isa = PBXFileReference; lastKnownFileType = file.xib; path = NoticeTableViewCell.xib; sourceTree = "<group>"; };
		CABFAAC82666476A0092E557 /* AudioList.swift */ = {isa = PBXFileReference; lastKnownFileType = sourcecode.swift; path = AudioList.swift; sourceTree = "<group>"; };
		CABFAACB266659330092E557 /* AllAudioBooksViewController.swift */ = {isa = PBXFileReference; lastKnownFileType = sourcecode.swift; path = AllAudioBooksViewController.swift; sourceTree = "<group>"; };
		CAF66225266981D00087EAF7 /* AudioBookCollectionViewCell.swift */ = {isa = PBXFileReference; lastKnownFileType = sourcecode.swift; path = AudioBookCollectionViewCell.swift; sourceTree = "<group>"; };
		CAF66226266981D00087EAF7 /* AudioBookCollectionViewCell.xib */ = {isa = PBXFileReference; lastKnownFileType = file.xib; path = AudioBookCollectionViewCell.xib; sourceTree = "<group>"; };
		CAFB7EFB266136DB00F744E2 /* ArchieveCollectionViewCell.swift */ = {isa = PBXFileReference; lastKnownFileType = sourcecode.swift; path = ArchieveCollectionViewCell.swift; sourceTree = "<group>"; };
		CAFB7EFC266136DB00F744E2 /* ArchieveCollectionViewCell.xib */ = {isa = PBXFileReference; lastKnownFileType = file.xib; path = ArchieveCollectionViewCell.xib; sourceTree = "<group>"; };
/* End PBXFileReference section */

/* Begin PBXFrameworksBuildPhase section */
		CA26B70D265EB6B600115C47 /* Frameworks */ = {
			isa = PBXFrameworksBuildPhase;
			buildActionMask = 2147483647;
			files = (
				3AC21786861A2460F63F6307 /* Pods_apiTest.framework in Frameworks */,
			);
			runOnlyForDeploymentPostprocessing = 0;
		};
/* End PBXFrameworksBuildPhase section */

/* Begin PBXGroup section */
		01A6AE8ACE6F0698F27D0B0C /* Pods */ = {
			isa = PBXGroup;
			children = (
				01EE041EE752DBC0DEEE738E /* Pods-apiTest.debug.xcconfig */,
				8D1A0266662FE7A61A557625 /* Pods-apiTest.release.xcconfig */,
			);
			path = Pods;
			sourceTree = "<group>";
		};
		5CD7AD75073E03DBA682A800 /* Frameworks */ = {
			isa = PBXGroup;
			children = (
				69D863204BA4F44DEEB82846 /* Pods_apiTest.framework */,
			);
			name = Frameworks;
			sourceTree = "<group>";
		};
		CA26B707265EB6B600115C47 = {
			isa = PBXGroup;
			children = (
				CA6F68E62666283500211F4F /* Fonts */,
				CA6F68E4266622FA00211F4F /* Models */,
				CA6F68E3266622D500211F4F /* Services */,
				CA47E239266611A600CA981C /* Controllers */,
				CA874E1A265FAB8E004FE620 /* CollectionViewCells */,
				CA874E0E265FA828004FE620 /* TableViewCells */,
				CA26B712265EB6B600115C47 /* apiTest */,
				CA26B711265EB6B600115C47 /* Products */,
				01A6AE8ACE6F0698F27D0B0C /* Pods */,
				5CD7AD75073E03DBA682A800 /* Frameworks */,
			);
			sourceTree = "<group>";
		};
		CA26B711265EB6B600115C47 /* Products */ = {
			isa = PBXGroup;
			children = (
				CA26B710265EB6B600115C47 /* apiTest.app */,
			);
			name = Products;
			sourceTree = "<group>";
		};
		CA26B712265EB6B600115C47 /* apiTest */ = {
			isa = PBXGroup;
			children = (
				CA26B713265EB6B600115C47 /* AppDelegate.swift */,
				CA26B715265EB6B600115C47 /* SceneDelegate.swift */,
				CA26B719265EB6B600115C47 /* Main.storyboard */,
				CA26B71C265EB6B800115C47 /* Assets.xcassets */,
				CA26B71E265EB6B800115C47 /* LaunchScreen.storyboard */,
				CA26B721265EB6B800115C47 /* Info.plist */,
			);
			path = apiTest;
			sourceTree = "<group>";
		};
		CA47E239266611A600CA981C /* Controllers */ = {
			isa = PBXGroup;
			children = (
				CA26B717265EB6B600115C47 /* HomeViewController.swift */,
				CA47E23A266611DA00CA981C /* MapViewController.swift */,
				CA47E23D2666120D00CA981C /* ProfileViewController.swift */,
				CA47E2402666122E00CA981C /* MoreViewController.swift */,
				CABFAACB266659330092E557 /* AllAudioBooksViewController.swift */,
				CA91DA77266E228F0078A340 /* AudioDetailViewController.swift */,
				CA91DA7A266E34110078A340 /* AllBlogsViewController.swift */,
			);
			path = Controllers;
			sourceTree = "<group>";
		};
		CA6F68E3266622D500211F4F /* Services */ = {
			isa = PBXGroup;
			children = (
				CA4E88C926638CF400699CB2 /* networkCall.swift */,
			);
			path = Services;
			sourceTree = "<group>";
		};
		CA6F68E4266622FA00211F4F /* Models */ = {
			isa = PBXGroup;
			children = (
				CA26B728265EB6E800115C47 /* ResponseData.swift */,
				CABFAAC82666476A0092E557 /* AudioList.swift */,
				CA60393C266E4484006DD669 /* BlogList.swift */,
			);
			path = Models;
			sourceTree = "<group>";
		};
		CA6F68E62666283500211F4F /* Fonts */ = {
			isa = PBXGroup;
			children = (
				CA6F68ED2666286E00211F4F /* Lato-Black.ttf */,
				CA6F68EB2666286E00211F4F /* Lato-BlackItalic.ttf */,
				CA6F68EC2666286E00211F4F /* Lato-Bold.ttf */,
				CA6F68EE2666286E00211F4F /* Lato-BoldItalic.ttf */,
				CA6F68E82666286E00211F4F /* Lato-Italic.ttf */,
				CA6F68E92666286E00211F4F /* Lato-Light.ttf */,
				CA6F68EA2666286E00211F4F /* Lato-LightItalic.ttf */,
				CA6F68F02666286E00211F4F /* Lato-Regular.ttf */,
				CA6F68F12666286E00211F4F /* Lato-Thin.ttf */,
				CA6F68EF2666286E00211F4F /* Lato-ThinItalic.ttf */,
				CA6F68E72666286E00211F4F /* LatoSemibold.ttf */,
			);
			path = Fonts;
			sourceTree = "<group>";
		};
		CA874E0E265FA828004FE620 /* TableViewCells */ = {
			isa = PBXGroup;
			children = (
				CA874E15265FAB32004FE620 /* TableViewCell.swift */,
				CA874E16265FAB32004FE620 /* TableViewCell.xib */,
				CA4E88C42663827600699CB2 /* ArchieveTableViewCell.swift */,
				CA4E88C52663827600699CB2 /* ArchieveTableViewCell.xib */,
				CABDB4092664D35600E2CC3D /* MuseumTableViewCell.swift */,
				CABDB40A2664D35600E2CC3D /* MuseumTableViewCell.xib */,
				CABDB4132664EED200E2CC3D /* EventsTableViewCell.swift */,
				CABDB4142664EED200E2CC3D /* EventsTableViewCell.xib */,
				CABDB421266502D800E2CC3D /* NoticeTableViewCell.swift */,
				CABDB422266502D800E2CC3D /* NoticeTableViewCell.xib */,
				CA4312A526650E8F00861D59 /* TourTableViewCell.swift */,
				CA4312A626650E8F00861D59 /* TourTableViewCell.xib */,
				CA4312AB266512BC00861D59 /* AboutUSTableViewCell.swift */,
				CA4312AC266512BC00861D59 /* AboutUSTableViewCell.xib */,
				CA4312B5266514BB00861D59 /* QuizTableViewCell.swift */,
				CA4312B6266514BB00861D59 /* QuizTableViewCell.xib */,
				CA4312BA2665154600861D59 /* GalleryTableViewCell.swift */,
				CA4312BB2665154600861D59 /* GalleryTableViewCell.xib */,
			);
			path = TableViewCells;
			sourceTree = "<group>";
		};
		CA874E1A265FAB8E004FE620 /* CollectionViewCells */ = {
			isa = PBXGroup;
			children = (
				CA874E1B265FABC7004FE620 /* BannerCollectionViewCell.swift */,
				CA874E1C265FABC7004FE620 /* BannerCollectionViewCell.xib */,
				CAFB7EFB266136DB00F744E2 /* ArchieveCollectionViewCell.swift */,
				CAFB7EFC266136DB00F744E2 /* ArchieveCollectionViewCell.xib */,
				CABDB4002664D31300E2CC3D /* MuseumCollectionViewCell.swift */,
				CABDB4012664D31300E2CC3D /* MuseumCollectionViewCell.xib */,
				CABDB40E2664EEB600E2CC3D /* EventsCollectionViewCell.swift */,
				CABDB40F2664EEB600E2CC3D /* EventsCollectionViewCell.xib */,
				CABDB4182664FE7B00E2CC3D /* NoticeCollectionViewCell.swift */,
				CABDB4192664FE7B00E2CC3D /* NoticeCollectionViewCell.xib */,
				CA4312B0266512D500861D59 /* AboutUSCollectionViewCell.swift */,
				CA4312B1266512D500861D59 /* AboutUSCollectionViewCell.xib */,
				CA4312BF2665155B00861D59 /* GalleryCollectionViewCell.swift */,
				CA4312C02665155B00861D59 /* GalleryCollectionViewCell.xib */,
				CAF66225266981D00087EAF7 /* AudioBookCollectionViewCell.swift */,
				CAF66226266981D00087EAF7 /* AudioBookCollectionViewCell.xib */,
				CA91DA83266E34EE0078A340 /* AllBlogsCollectionViewCell.swift */,
				CA91DA84266E34EE0078A340 /* AllBlogsCollectionViewCell.xib */,
			);
			path = CollectionViewCells;
			sourceTree = "<group>";
		};
/* End PBXGroup section */

/* Begin PBXNativeTarget section */
		CA26B70F265EB6B600115C47 /* apiTest */ = {
			isa = PBXNativeTarget;
			buildConfigurationList = CA26B724265EB6B800115C47 /* Build configuration list for PBXNativeTarget "apiTest" */;
			buildPhases = (
				908920AD2493D9E0E245F6B8 /* [CP] Check Pods Manifest.lock */,
				CA26B70C265EB6B600115C47 /* Sources */,
				CA26B70D265EB6B600115C47 /* Frameworks */,
				CA26B70E265EB6B600115C47 /* Resources */,
				2ACE7B86DBC6E51788526C20 /* [CP] Embed Pods Frameworks */,
			);
			buildRules = (
			);
			dependencies = (
			);
			name = apiTest;
			productName = apiTest;
			productReference = CA26B710265EB6B600115C47 /* apiTest.app */;
			productType = "com.apple.product-type.application";
		};
/* End PBXNativeTarget section */

/* Begin PBXProject section */
		CA26B708265EB6B600115C47 /* Project object */ = {
			isa = PBXProject;
			attributes = {
				LastSwiftUpdateCheck = 1220;
				LastUpgradeCheck = 1220;
				TargetAttributes = {
					CA26B70F265EB6B600115C47 = {
						CreatedOnToolsVersion = 12.2;
					};
				};
			};
			buildConfigurationList = CA26B70B265EB6B600115C47 /* Build configuration list for PBXProject "apiTest" */;
			compatibilityVersion = "Xcode 9.3";
			developmentRegion = en;
			hasScannedForEncodings = 0;
			knownRegions = (
				en,
				Base,
			);
			mainGroup = CA26B707265EB6B600115C47;
			productRefGroup = CA26B711265EB6B600115C47 /* Products */;
			projectDirPath = "";
			projectRoot = "";
			targets = (
				CA26B70F265EB6B600115C47 /* apiTest */,
			);
		};
/* End PBXProject section */

/* Begin PBXResourcesBuildPhase section */
		CA26B70E265EB6B600115C47 /* Resources */ = {
			isa = PBXResourcesBuildPhase;
			buildActionMask = 2147483647;
			files = (
				CA4312C22665155B00861D59 /* GalleryCollectionViewCell.xib in Resources */,
				CA6F68FA2666286E00211F4F /* Lato-ThinItalic.ttf in Resources */,
				CA6F68F32666286E00211F4F /* Lato-Italic.ttf in Resources */,
				CA4312B8266514BB00861D59 /* QuizTableViewCell.xib in Resources */,
				CA6F68F42666286E00211F4F /* Lato-Light.ttf in Resources */,
				CABDB4162664EED200E2CC3D /* EventsTableViewCell.xib in Resources */,
				CA6F68F22666286E00211F4F /* LatoSemibold.ttf in Resources */,
				CA6F68FC2666286E00211F4F /* Lato-Thin.ttf in Resources */,
				CABDB4032664D31300E2CC3D /* MuseumCollectionViewCell.xib in Resources */,
				CA4E88C72663827600699CB2 /* ArchieveTableViewCell.xib in Resources */,
				CA6F68F62666286E00211F4F /* Lato-BlackItalic.ttf in Resources */,
				CA4312BD2665154600861D59 /* GalleryTableViewCell.xib in Resources */,
				CA6F68F82666286E00211F4F /* Lato-Black.ttf in Resources */,
				CA26B720265EB6B800115C47 /* LaunchScreen.storyboard in Resources */,
				CA6F68F92666286E00211F4F /* Lato-BoldItalic.ttf in Resources */,
				CA6F68F72666286E00211F4F /* Lato-Bold.ttf in Resources */,
				CABDB41B2664FE7B00E2CC3D /* NoticeCollectionViewCell.xib in Resources */,
				CABDB4112664EEB600E2CC3D /* EventsCollectionViewCell.xib in Resources */,
				CABDB424266502D800E2CC3D /* NoticeTableViewCell.xib in Resources */,
				CAF66228266981D00087EAF7 /* AudioBookCollectionViewCell.xib in Resources */,
				CA4312AE266512BC00861D59 /* AboutUSTableViewCell.xib in Resources */,
				CA4312B3266512D500861D59 /* AboutUSCollectionViewCell.xib in Resources */,
				CA874E18265FAB32004FE620 /* TableViewCell.xib in Resources */,
				CA26B71D265EB6B800115C47 /* Assets.xcassets in Resources */,
				CA91DA86266E34EE0078A340 /* AllBlogsCollectionViewCell.xib in Resources */,
				CA6F68FB2666286E00211F4F /* Lato-Regular.ttf in Resources */,
				CAFB7EFE266136DB00F744E2 /* ArchieveCollectionViewCell.xib in Resources */,
				CABDB40C2664D35600E2CC3D /* MuseumTableViewCell.xib in Resources */,
				CA6F68F52666286E00211F4F /* Lato-LightItalic.ttf in Resources */,
				CA4312A826650E8F00861D59 /* TourTableViewCell.xib in Resources */,
				CA26B71B265EB6B600115C47 /* Main.storyboard in Resources */,
				CA874E1E265FABC7004FE620 /* BannerCollectionViewCell.xib in Resources */,
			);
			runOnlyForDeploymentPostprocessing = 0;
		};
/* End PBXResourcesBuildPhase section */

/* Begin PBXShellScriptBuildPhase section */
		2ACE7B86DBC6E51788526C20 /* [CP] Embed Pods Frameworks */ = {
			isa = PBXShellScriptBuildPhase;
			buildActionMask = 2147483647;
			files = (
			);
			inputFileListPaths = (
				"${PODS_ROOT}/Target Support Files/Pods-apiTest/Pods-apiTest-frameworks-${CONFIGURATION}-input-files.xcfilelist",
			);
			name = "[CP] Embed Pods Frameworks";
			outputFileListPaths = (
				"${PODS_ROOT}/Target Support Files/Pods-apiTest/Pods-apiTest-frameworks-${CONFIGURATION}-output-files.xcfilelist",
			);
			runOnlyForDeploymentPostprocessing = 0;
			shellPath = /bin/sh;
			shellScript = "\"${PODS_ROOT}/Target Support Files/Pods-apiTest/Pods-apiTest-frameworks.sh\"\n";
			showEnvVarsInLog = 0;
		};
		908920AD2493D9E0E245F6B8 /* [CP] Check Pods Manifest.lock */ = {
			isa = PBXShellScriptBuildPhase;
			buildActionMask = 2147483647;
			files = (
			);
			inputFileListPaths = (
			);
			inputPaths = (
				"${PODS_PODFILE_DIR_PATH}/Podfile.lock",
				"${PODS_ROOT}/Manifest.lock",
			);
			name = "[CP] Check Pods Manifest.lock";
			outputFileListPaths = (
			);
			outputPaths = (
				"$(DERIVED_FILE_DIR)/Pods-apiTest-checkManifestLockResult.txt",
			);
			runOnlyForDeploymentPostprocessing = 0;
			shellPath = /bin/sh;
			shellScript = "diff \"${PODS_PODFILE_DIR_PATH}/Podfile.lock\" \"${PODS_ROOT}/Manifest.lock\" > /dev/null\nif [ $? != 0 ] ; then\n    # print error to STDERR\n    echo \"error: The sandbox is not in sync with the Podfile.lock. Run 'pod install' or update your CocoaPods installation.\" >&2\n    exit 1\nfi\n# This output is used by Xcode 'outputs' to avoid re-running this script phase.\necho \"SUCCESS\" > \"${SCRIPT_OUTPUT_FILE_0}\"\n";
			showEnvVarsInLog = 0;
		};
/* End PBXShellScriptBuildPhase section */

/* Begin PBXSourcesBuildPhase section */
		CA26B70C265EB6B600115C47 /* Sources */ = {
			isa = PBXSourcesBuildPhase;
			buildActionMask = 2147483647;
			files = (
				CA874E1D265FABC7004FE620 /* BannerCollectionViewCell.swift in Sources */,
				CA874E17265FAB32004FE620 /* TableViewCell.swift in Sources */,
				CA91DA85266E34EE0078A340 /* AllBlogsCollectionViewCell.swift in Sources */,
				CA4312B2266512D500861D59 /* AboutUSCollectionViewCell.swift in Sources */,
				CABDB4152664EED200E2CC3D /* EventsTableViewCell.swift in Sources */,
				CA4E88C62663827600699CB2 /* ArchieveTableViewCell.swift in Sources */,
				CA26B718265EB6B600115C47 /* HomeViewController.swift in Sources */,
				CA26B714265EB6B600115C47 /* AppDelegate.swift in Sources */,
				CABDB4102664EEB600E2CC3D /* EventsCollectionViewCell.swift in Sources */,
				CA4312BC2665154600861D59 /* GalleryTableViewCell.swift in Sources */,
				CAFB7EFD266136DB00F744E2 /* ArchieveCollectionViewCell.swift in Sources */,
				CABDB423266502D800E2CC3D /* NoticeTableViewCell.swift in Sources */,
				CA47E23B266611DA00CA981C /* MapViewController.swift in Sources */,
				CA4312AD266512BC00861D59 /* AboutUSTableViewCell.swift in Sources */,
				CABDB4022664D31300E2CC3D /* MuseumCollectionViewCell.swift in Sources */,
				CABFAAC92666476A0092E557 /* AudioList.swift in Sources */,
				CA4312B7266514BB00861D59 /* QuizTableViewCell.swift in Sources */,
				CABFAACC266659330092E557 /* AllAudioBooksViewController.swift in Sources */,
				CA47E23E2666120D00CA981C /* ProfileViewController.swift in Sources */,
				CA26B729265EB6E800115C47 /* ResponseData.swift in Sources */,
				CA26B716265EB6B600115C47 /* SceneDelegate.swift in Sources */,
				CA4E88CA26638CF400699CB2 /* networkCall.swift in Sources */,
				CA60393D266E4484006DD669 /* BlogList.swift in Sources */,
				CABDB41A2664FE7B00E2CC3D /* NoticeCollectionViewCell.swift in Sources */,
				CABDB40B2664D35600E2CC3D /* MuseumTableViewCell.swift in Sources */,
				CAF66227266981D00087EAF7 /* AudioBookCollectionViewCell.swift in Sources */,
				CA47E2412666122E00CA981C /* MoreViewController.swift in Sources */,
				CA4312C12665155B00861D59 /* GalleryCollectionViewCell.swift in Sources */,
				CA91DA78266E228F0078A340 /* AudioDetailViewController.swift in Sources */,
				CA4312A726650E8F00861D59 /* TourTableViewCell.swift in Sources */,
				CA91DA7B266E34110078A340 /* AllBlogsViewController.swift in Sources */,
			);
			runOnlyForDeploymentPostprocessing = 0;
		};
/* End PBXSourcesBuildPhase section */

/* Begin PBXVariantGroup section */
		CA26B719265EB6B600115C47 /* Main.storyboard */ = {
			isa = PBXVariantGroup;
			children = (
				CA26B71A265EB6B600115C47 /* Base */,
			);
			name = Main.storyboard;
			sourceTree = "<group>";
		};
		CA26B71E265EB6B800115C47 /* LaunchScreen.storyboard */ = {
			isa = PBXVariantGroup;
			children = (
				CA26B71F265EB6B800115C47 /* Base */,
			);
			name = LaunchScreen.storyboard;
			sourceTree = "<group>";
		};
/* End PBXVariantGroup section */

/* Begin XCBuildConfiguration section */
		CA26B722265EB6B800115C47 /* Debug */ = {
			isa = XCBuildConfiguration;
			buildSettings = {
				ALWAYS_SEARCH_USER_PATHS = NO;
				CLANG_ANALYZER_NONNULL = YES;
				CLANG_ANALYZER_NUMBER_OBJECT_CONVERSION = YES_AGGRESSIVE;
				CLANG_CXX_LANGUAGE_STANDARD = "gnu++14";
				CLANG_CXX_LIBRARY = "libc++";
				CLANG_ENABLE_MODULES = YES;
				CLANG_ENABLE_OBJC_ARC = YES;
				CLANG_ENABLE_OBJC_WEAK = YES;
				CLANG_WARN_BLOCK_CAPTURE_AUTORELEASING = YES;
				CLANG_WARN_BOOL_CONVERSION = YES;
				CLANG_WARN_COMMA = YES;
				CLANG_WARN_CONSTANT_CONVERSION = YES;
				CLANG_WARN_DEPRECATED_OBJC_IMPLEMENTATIONS = YES;
				CLANG_WARN_DIRECT_OBJC_ISA_USAGE = YES_ERROR;
				CLANG_WARN_DOCUMENTATION_COMMENTS = YES;
				CLANG_WARN_EMPTY_BODY = YES;
				CLANG_WARN_ENUM_CONVERSION = YES;
				CLANG_WARN_INFINITE_RECURSION = YES;
				CLANG_WARN_INT_CONVERSION = YES;
				CLANG_WARN_NON_LITERAL_NULL_CONVERSION = YES;
				CLANG_WARN_OBJC_IMPLICIT_RETAIN_SELF = YES;
				CLANG_WARN_OBJC_LITERAL_CONVERSION = YES;
				CLANG_WARN_OBJC_ROOT_CLASS = YES_ERROR;
				CLANG_WARN_QUOTED_INCLUDE_IN_FRAMEWORK_HEADER = YES;
				CLANG_WARN_RANGE_LOOP_ANALYSIS = YES;
				CLANG_WARN_STRICT_PROTOTYPES = YES;
				CLANG_WARN_SUSPICIOUS_MOVE = YES;
				CLANG_WARN_UNGUARDED_AVAILABILITY = YES_AGGRESSIVE;
				CLANG_WARN_UNREACHABLE_CODE = YES;
				CLANG_WARN__DUPLICATE_METHOD_MATCH = YES;
				COPY_PHASE_STRIP = NO;
				DEBUG_INFORMATION_FORMAT = dwarf;
				ENABLE_STRICT_OBJC_MSGSEND = YES;
				ENABLE_TESTABILITY = YES;
				GCC_C_LANGUAGE_STANDARD = gnu11;
				GCC_DYNAMIC_NO_PIC = NO;
				GCC_NO_COMMON_BLOCKS = YES;
				GCC_OPTIMIZATION_LEVEL = 0;
				GCC_PREPROCESSOR_DEFINITIONS = (
					"DEBUG=1",
					"$(inherited)",
				);
				GCC_WARN_64_TO_32_BIT_CONVERSION = YES;
				GCC_WARN_ABOUT_RETURN_TYPE = YES_ERROR;
				GCC_WARN_UNDECLARED_SELECTOR = YES;
				GCC_WARN_UNINITIALIZED_AUTOS = YES_AGGRESSIVE;
				GCC_WARN_UNUSED_FUNCTION = YES;
				GCC_WARN_UNUSED_VARIABLE = YES;
				IPHONEOS_DEPLOYMENT_TARGET = 14.2;
				MTL_ENABLE_DEBUG_INFO = INCLUDE_SOURCE;
				MTL_FAST_MATH = YES;
				ONLY_ACTIVE_ARCH = YES;
				SDKROOT = iphoneos;
				SWIFT_ACTIVE_COMPILATION_CONDITIONS = DEBUG;
				SWIFT_OPTIMIZATION_LEVEL = "-Onone";
			};
			name = Debug;
		};
		CA26B723265EB6B800115C47 /* Release */ = {
			isa = XCBuildConfiguration;
			buildSettings = {
				ALWAYS_SEARCH_USER_PATHS = NO;
				CLANG_ANALYZER_NONNULL = YES;
				CLANG_ANALYZER_NUMBER_OBJECT_CONVERSION = YES_AGGRESSIVE;
				CLANG_CXX_LANGUAGE_STANDARD = "gnu++14";
				CLANG_CXX_LIBRARY = "libc++";
				CLANG_ENABLE_MODULES = YES;
				CLANG_ENABLE_OBJC_ARC = YES;
				CLANG_ENABLE_OBJC_WEAK = YES;
				CLANG_WARN_BLOCK_CAPTURE_AUTORELEASING = YES;
				CLANG_WARN_BOOL_CONVERSION = YES;
				CLANG_WARN_COMMA = YES;
				CLANG_WARN_CONSTANT_CONVERSION = YES;
				CLANG_WARN_DEPRECATED_OBJC_IMPLEMENTATIONS = YES;
				CLANG_WARN_DIRECT_OBJC_ISA_USAGE = YES_ERROR;
				CLANG_WARN_DOCUMENTATION_COMMENTS = YES;
				CLANG_WARN_EMPTY_BODY = YES;
				CLANG_WARN_ENUM_CONVERSION = YES;
				CLANG_WARN_INFINITE_RECURSION = YES;
				CLANG_WARN_INT_CONVERSION = YES;
				CLANG_WARN_NON_LITERAL_NULL_CONVERSION = YES;
				CLANG_WARN_OBJC_IMPLICIT_RETAIN_SELF = YES;
				CLANG_WARN_OBJC_LITERAL_CONVERSION = YES;
				CLANG_WARN_OBJC_ROOT_CLASS = YES_ERROR;
				CLANG_WARN_QUOTED_INCLUDE_IN_FRAMEWORK_HEADER = YES;
				CLANG_WARN_RANGE_LOOP_ANALYSIS = YES;
				CLANG_WARN_STRICT_PROTOTYPES = YES;
				CLANG_WARN_SUSPICIOUS_MOVE = YES;
				CLANG_WARN_UNGUARDED_AVAILABILITY = YES_AGGRESSIVE;
				CLANG_WARN_UNREACHABLE_CODE = YES;
				CLANG_WARN__DUPLICATE_METHOD_MATCH = YES;
				COPY_PHASE_STRIP = NO;
				DEBUG_INFORMATION_FORMAT = "dwarf-with-dsym";
				ENABLE_NS_ASSERTIONS = NO;
				ENABLE_STRICT_OBJC_MSGSEND = YES;
				GCC_C_LANGUAGE_STANDARD = gnu11;
				GCC_NO_COMMON_BLOCKS = YES;
				GCC_WARN_64_TO_32_BIT_CONVERSION = YES;
				GCC_WARN_ABOUT_RETURN_TYPE = YES_ERROR;
				GCC_WARN_UNDECLARED_SELECTOR = YES;
				GCC_WARN_UNINITIALIZED_AUTOS = YES_AGGRESSIVE;
				GCC_WARN_UNUSED_FUNCTION = YES;
				GCC_WARN_UNUSED_VARIABLE = YES;
				IPHONEOS_DEPLOYMENT_TARGET = 14.2;
				MTL_ENABLE_DEBUG_INFO = NO;
				MTL_FAST_MATH = YES;
				SDKROOT = iphoneos;
				SWIFT_COMPILATION_MODE = wholemodule;
				SWIFT_OPTIMIZATION_LEVEL = "-O";
				VALIDATE_PRODUCT = YES;
			};
			name = Release;
		};
		CA26B725265EB6B800115C47 /* Debug */ = {
			isa = XCBuildConfiguration;
			baseConfigurationReference = 01EE041EE752DBC0DEEE738E /* Pods-apiTest.debug.xcconfig */;
			buildSettings = {
				ASSETCATALOG_COMPILER_APPICON_NAME = AppIcon;
				ASSETCATALOG_COMPILER_GLOBAL_ACCENT_COLOR_NAME = AccentColor;
				CODE_SIGN_STYLE = Automatic;
				DEVELOPMENT_TEAM = 3QCJ8DX5DA;
				INFOPLIST_FILE = apiTest/Info.plist;
				LD_RUNPATH_SEARCH_PATHS = (
					"$(inherited)",
					"@executable_path/Frameworks",
				);
				PRODUCT_BUNDLE_IDENTIFIER = com.misfitmaruf.apiTest;
				PRODUCT_NAME = "$(TARGET_NAME)";
				SWIFT_VERSION = 5.0;
				TARGETED_DEVICE_FAMILY = "1,2";
			};
			name = Debug;
		};
		CA26B726265EB6B800115C47 /* Release */ = {
			isa = XCBuildConfiguration;
			baseConfigurationReference = 8D1A0266662FE7A61A557625 /* Pods-apiTest.release.xcconfig */;
			buildSettings = {
				ASSETCATALOG_COMPILER_APPICON_NAME = AppIcon;
				ASSETCATALOG_COMPILER_GLOBAL_ACCENT_COLOR_NAME = AccentColor;
				CODE_SIGN_STYLE = Automatic;
				DEVELOPMENT_TEAM = 3QCJ8DX5DA;
				INFOPLIST_FILE = apiTest/Info.plist;
				LD_RUNPATH_SEARCH_PATHS = (
					"$(inherited)",
					"@executable_path/Frameworks",
				);
				PRODUCT_BUNDLE_IDENTIFIER = com.misfitmaruf.apiTest;
				PRODUCT_NAME = "$(TARGET_NAME)";
				SWIFT_VERSION = 5.0;
				TARGETED_DEVICE_FAMILY = "1,2";
			};
			name = Release;
		};
/* End XCBuildConfiguration section */

/* Begin XCConfigurationList section */
		CA26B70B265EB6B600115C47 /* Build configuration list for PBXProject "apiTest" */ = {
			isa = XCConfigurationList;
			buildConfigurations = (
				CA26B722265EB6B800115C47 /* Debug */,
				CA26B723265EB6B800115C47 /* Release */,
			);
			defaultConfigurationIsVisible = 0;
			defaultConfigurationName = Release;
		};
		CA26B724265EB6B800115C47 /* Build configuration list for PBXNativeTarget "apiTest" */ = {
			isa = XCConfigurationList;
			buildConfigurations = (
				CA26B725265EB6B800115C47 /* Debug */,
				CA26B726265EB6B800115C47 /* Release */,
			);
			defaultConfigurationIsVisible = 0;
			defaultConfigurationName = Release;
		};
/* End XCConfigurationList section */
	};
	rootObject = CA26B708265EB6B600115C47 /* Project object */;
}
